// !$*UTF8*$!
{
	archiveVersion = 1;
	classes = {
	};
	objectVersion = 50;
	objects = {

/* Begin PBXBuildFile section */
		35907DC6CE61300025F53A10 /* libPods-LanguageSelectDemo.a in Frameworks */ = {isa = PBXBuildFile; fileRef = 4849605E42978F19354ED54B /* libPods-LanguageSelectDemo.a */; };
		78B5ED9621EF16CF0071B5ED /* AppDelegate.m in Sources */ = {isa = PBXBuildFile; fileRef = 78B5ED9521EF16CF0071B5ED /* AppDelegate.m */; };
		78B5ED9921EF16CF0071B5ED /* ViewController.m in Sources */ = {isa = PBXBuildFile; fileRef = 78B5ED9821EF16CF0071B5ED /* ViewController.m */; };
		78B5ED9C21EF16CF0071B5ED /* Main.storyboard in Resources */ = {isa = PBXBuildFile; fileRef = 78B5ED9A21EF16CF0071B5ED /* Main.storyboard */; };
		78B5ED9E21EF16D10071B5ED /* Assets.xcassets in Resources */ = {isa = PBXBuildFile; fileRef = 78B5ED9D21EF16D10071B5ED /* Assets.xcassets */; };
		78B5EDA121EF16D10071B5ED /* LaunchScreen.storyboard in Resources */ = {isa = PBXBuildFile; fileRef = 78B5ED9F21EF16D10071B5ED /* LaunchScreen.storyboard */; };
		78B5EDA421EF16D10071B5ED /* main.m in Sources */ = {isa = PBXBuildFile; fileRef = 78B5EDA321EF16D10071B5ED /* main.m */; };
		78B5EDAE21EF16D10071B5ED /* LanguageSelectDemoTests.m in Sources */ = {isa = PBXBuildFile; fileRef = 78B5EDAD21EF16D10071B5ED /* LanguageSelectDemoTests.m */; };
		78B5EDB921EF16D10071B5ED /* LanguageSelectDemoUITests.m in Sources */ = {isa = PBXBuildFile; fileRef = 78B5EDB821EF16D10071B5ED /* LanguageSelectDemoUITests.m */; };
		78B5EDC921EF171C0071B5ED /* HDLanguageCell.m in Sources */ = {isa = PBXBuildFile; fileRef = 78B5EDC821EF171C0071B5ED /* HDLanguageCell.m */; };
		78B5EDD221EF19E70071B5ED /* UILabel+Style.m in Sources */ = {isa = PBXBuildFile; fileRef = 78B5EDD121EF19E70071B5ED /* UILabel+Style.m */; };
		78B5EDD521EF19ED0071B5ED /* UIView+Style.m in Sources */ = {isa = PBXBuildFile; fileRef = 78B5EDD421EF19ED0071B5ED /* UIView+Style.m */; };
		78B5EDD621EF1C5D0071B5ED /* MainModel.m in Sources */ = {isa = PBXBuildFile; fileRef = 78B5EDCF21EF172F0071B5ED /* MainModel.m */; };
		78B5EDD721EF1C770071B5ED /* LanguageModel.m in Sources */ = {isa = PBXBuildFile; fileRef = 78B5EDCE21EF172F0071B5ED /* LanguageModel.m */; };
		78B5EDD821EF1D0A0071B5ED /* language.plist in Resources */ = {isa = PBXBuildFile; fileRef = 78B5EDCA21EF17290071B5ED /* language.plist */; };
/* End PBXBuildFile section */

/* Begin PBXContainerItemProxy section */
		78B5EDAA21EF16D10071B5ED /* PBXContainerItemProxy */ = {
			isa = PBXContainerItemProxy;
			containerPortal = 78B5ED8921EF16CF0071B5ED /* Project object */;
			proxyType = 1;
			remoteGlobalIDString = 78B5ED9021EF16CF0071B5ED;
			remoteInfo = LanguageSelectDemo;
		};
		78B5EDB521EF16D10071B5ED /* PBXContainerItemProxy */ = {
			isa = PBXContainerItemProxy;
			containerPortal = 78B5ED8921EF16CF0071B5ED /* Project object */;
			proxyType = 1;
			remoteGlobalIDString = 78B5ED9021EF16CF0071B5ED;
			remoteInfo = LanguageSelectDemo;
		};
/* End PBXContainerItemProxy section */

/* Begin PBXFileReference section */
		3004982995F61B7225109E0E /* Pods-LanguageSelectDemo.release.xcconfig */ = {isa = PBXFileReference; includeInIndex = 1; lastKnownFileType = text.xcconfig; name = "Pods-LanguageSelectDemo.release.xcconfig"; path = "Pods/Target Support Files/Pods-LanguageSelectDemo/Pods-LanguageSelectDemo.release.xcconfig"; sourceTree = "<group>"; };
		4849605E42978F19354ED54B /* libPods-LanguageSelectDemo.a */ = {isa = PBXFileReference; explicitFileType = archive.ar; includeInIndex = 0; path = "libPods-LanguageSelectDemo.a"; sourceTree = BUILT_PRODUCTS_DIR; };
		78B5ED9121EF16CF0071B5ED /* LanguageSelectDemo.app */ = {isa = PBXFileReference; explicitFileType = wrapper.application; includeInIndex = 0; path = LanguageSelectDemo.app; sourceTree = BUILT_PRODUCTS_DIR; };
		78B5ED9421EF16CF0071B5ED /* AppDelegate.h */ = {isa = PBXFileReference; lastKnownFileType = sourcecode.c.h; path = AppDelegate.h; sourceTree = "<group>"; };
		78B5ED9521EF16CF0071B5ED /* AppDelegate.m */ = {isa = PBXFileReference; lastKnownFileType = sourcecode.c.objc; path = AppDelegate.m; sourceTree = "<group>"; };
		78B5ED9721EF16CF0071B5ED /* ViewController.h */ = {isa = PBXFileReference; lastKnownFileType = sourcecode.c.h; path = ViewController.h; sourceTree = "<group>"; };
		78B5ED9821EF16CF0071B5ED /* ViewController.m */ = {isa = PBXFileReference; lastKnownFileType = sourcecode.c.objc; path = ViewController.m; sourceTree = "<group>"; wrapsLines = 0; };
		78B5ED9B21EF16CF0071B5ED /* Base */ = {isa = PBXFileReference; lastKnownFileType = file.storyboard; name = Base; path = Base.lproj/Main.storyboard; sourceTree = "<group>"; };
		78B5ED9D21EF16D10071B5ED /* Assets.xcassets */ = {isa = PBXFileReference; lastKnownFileType = folder.assetcatalog; path = Assets.xcassets; sourceTree = "<group>"; };
		78B5EDA021EF16D10071B5ED /* Base */ = {isa = PBXFileReference; lastKnownFileType = file.storyboard; name = Base; path = Base.lproj/LaunchScreen.storyboard; sourceTree = "<group>"; };
		78B5EDA221EF16D10071B5ED /* Info.plist */ = {isa = PBXFileReference; lastKnownFileType = text.plist.xml; path = Info.plist; sourceTree = "<group>"; };
		78B5EDA321EF16D10071B5ED /* main.m */ = {isa = PBXFileReference; lastKnownFileType = sourcecode.c.objc; path = main.m; sourceTree = "<group>"; };
		78B5EDA921EF16D10071B5ED /* LanguageSelectDemoTests.xctest */ = {isa = PBXFileReference; explicitFileType = wrapper.cfbundle; includeInIndex = 0; path = LanguageSelectDemoTests.xctest; sourceTree = BUILT_PRODUCTS_DIR; };
		78B5EDAD21EF16D10071B5ED /* LanguageSelectDemoTests.m */ = {isa = PBXFileReference; lastKnownFileType = sourcecode.c.objc; path = LanguageSelectDemoTests.m; sourceTree = "<group>"; };
		78B5EDAF21EF16D10071B5ED /* Info.plist */ = {isa = PBXFileReference; lastKnownFileType = text.plist.xml; path = Info.plist; sourceTree = "<group>"; };
		78B5EDB421EF16D10071B5ED /* LanguageSelectDemoUITests.xctest */ = {isa = PBXFileReference; explicitFileType = wrapper.cfbundle; includeInIndex = 0; path = LanguageSelectDemoUITests.xctest; sourceTree = BUILT_PRODUCTS_DIR; };
		78B5EDB821EF16D10071B5ED /* LanguageSelectDemoUITests.m */ = {isa = PBXFileReference; lastKnownFileType = sourcecode.c.objc; path = LanguageSelectDemoUITests.m; sourceTree = "<group>"; };
		78B5EDBA21EF16D10071B5ED /* Info.plist */ = {isa = PBXFileReference; lastKnownFileType = text.plist.xml; path = Info.plist; sourceTree = "<group>"; };
		78B5EDC721EF171C0071B5ED /* HDLanguageCell.h */ = {isa = PBXFileReference; fileEncoding = 4; lastKnownFileType = sourcecode.c.h; path = HDLanguageCell.h; sourceTree = "<group>"; };
		78B5EDC821EF171C0071B5ED /* HDLanguageCell.m */ = {isa = PBXFileReference; fileEncoding = 4; lastKnownFileType = sourcecode.c.objc; path = HDLanguageCell.m; sourceTree = "<group>"; };
		78B5EDCA21EF17290071B5ED /* language.plist */ = {isa = PBXFileReference; lastKnownFileType = text.plist.xml; path = language.plist; sourceTree = "<group>"; };
		78B5EDCC21EF172F0071B5ED /* LanguageModel.h */ = {isa = PBXFileReference; lastKnownFileType = sourcecode.c.h; path = LanguageModel.h; sourceTree = "<group>"; };
		78B5EDCD21EF172F0071B5ED /* MainModel.h */ = {isa = PBXFileReference; lastKnownFileType = sourcecode.c.h; path = MainModel.h; sourceTree = "<group>"; };
		78B5EDCE21EF172F0071B5ED /* LanguageModel.m */ = {isa = PBXFileReference; lastKnownFileType = sourcecode.c.objc; path = LanguageModel.m; sourceTree = "<group>"; };
		78B5EDCF21EF172F0071B5ED /* MainModel.m */ = {isa = PBXFileReference; lastKnownFileType = sourcecode.c.objc; path = MainModel.m; sourceTree = "<group>"; };
		78B5EDD021EF19E70071B5ED /* UILabel+Style.h */ = {isa = PBXFileReference; lastKnownFileType = sourcecode.c.h; path = "UILabel+Style.h"; sourceTree = "<group>"; };
		78B5EDD121EF19E70071B5ED /* UILabel+Style.m */ = {isa = PBXFileReference; lastKnownFileType = sourcecode.c.objc; path = "UILabel+Style.m"; sourceTree = "<group>"; };
		78B5EDD321EF19ED0071B5ED /* UIView+Style.h */ = {isa = PBXFileReference; lastKnownFileType = sourcecode.c.h; path = "UIView+Style.h"; sourceTree = "<group>"; };
		78B5EDD421EF19ED0071B5ED /* UIView+Style.m */ = {isa = PBXFileReference; lastKnownFileType = sourcecode.c.objc; path = "UIView+Style.m"; sourceTree = "<group>"; };
		85AB96C9112E6F426011F0C4 /* Pods-LanguageSelectDemo.debug.xcconfig */ = {isa = PBXFileReference; includeInIndex = 1; lastKnownFileType = text.xcconfig; name = "Pods-LanguageSelectDemo.debug.xcconfig"; path = "Pods/Target Support Files/Pods-LanguageSelectDemo/Pods-LanguageSelectDemo.debug.xcconfig"; sourceTree = "<group>"; };
/* End PBXFileReference section */

/* Begin PBXFrameworksBuildPhase section */
		78B5ED8E21EF16CF0071B5ED /* Frameworks */ = {
			isa = PBXFrameworksBuildPhase;
			buildActionMask = 2147483647;
			files = (
				35907DC6CE61300025F53A10 /* libPods-LanguageSelectDemo.a in Frameworks */,
			);
			runOnlyForDeploymentPostprocessing = 0;
		};
		78B5EDA621EF16D10071B5ED /* Frameworks */ = {
			isa = PBXFrameworksBuildPhase;
			buildActionMask = 2147483647;
			files = (
			);
			runOnlyForDeploymentPostprocessing = 0;
		};
		78B5EDB121EF16D10071B5ED /* Frameworks */ = {
			isa = PBXFrameworksBuildPhase;
			buildActionMask = 2147483647;
			files = (
			);
			runOnlyForDeploymentPostprocessing = 0;
		};
/* End PBXFrameworksBuildPhase section */

/* Begin PBXGroup section */
		02D170928D85439990C93DE4 /* Pods */ = {
			isa = PBXGroup;
			children = (
				85AB96C9112E6F426011F0C4 /* Pods-LanguageSelectDemo.debug.xcconfig */,
				3004982995F61B7225109E0E /* Pods-LanguageSelectDemo.release.xcconfig */,
			);
			name = Pods;
			sourceTree = "<group>";
		};
		78B5ED8821EF16CF0071B5ED = {
			isa = PBXGroup;
			children = (
				78B5ED9321EF16CF0071B5ED /* LanguageSelectDemo */,
				78B5EDAC21EF16D10071B5ED /* LanguageSelectDemoTests */,
				78B5EDB721EF16D10071B5ED /* LanguageSelectDemoUITests */,
				78B5ED9221EF16CF0071B5ED /* Products */,
				02D170928D85439990C93DE4 /* Pods */,
				B8B866D48760B932807DA278 /* Frameworks */,
			);
			sourceTree = "<group>";
		};
		78B5ED9221EF16CF0071B5ED /* Products */ = {
			isa = PBXGroup;
			children = (
				78B5ED9121EF16CF0071B5ED /* LanguageSelectDemo.app */,
				78B5EDA921EF16D10071B5ED /* LanguageSelectDemoTests.xctest */,
				78B5EDB421EF16D10071B5ED /* LanguageSelectDemoUITests.xctest */,
			);
			name = Products;
			sourceTree = "<group>";
		};
		78B5ED9321EF16CF0071B5ED /* LanguageSelectDemo */ = {
			isa = PBXGroup;
			children = (
				78B5EDD021EF19E70071B5ED /* UILabel+Style.h */,
				78B5EDD121EF19E70071B5ED /* UILabel+Style.m */,
				78B5EDD321EF19ED0071B5ED /* UIView+Style.h */,
				78B5EDD421EF19ED0071B5ED /* UIView+Style.m */,
				78B5EDCB21EF172F0071B5ED /* Model */,
				78B5EDC621EF170E0071B5ED /* View */,
				78B5ED9421EF16CF0071B5ED /* AppDelegate.h */,
				78B5ED9521EF16CF0071B5ED /* AppDelegate.m */,
				78B5ED9721EF16CF0071B5ED /* ViewController.h */,
				78B5ED9821EF16CF0071B5ED /* ViewController.m */,
				78B5EDCA21EF17290071B5ED /* language.plist */,
				78B5ED9A21EF16CF0071B5ED /* Main.storyboard */,
				78B5ED9D21EF16D10071B5ED /* Assets.xcassets */,
				78B5ED9F21EF16D10071B5ED /* LaunchScreen.storyboard */,
				78B5EDA221EF16D10071B5ED /* Info.plist */,
				78B5EDA321EF16D10071B5ED /* main.m */,
			);
			path = LanguageSelectDemo;
			sourceTree = "<group>";
		};
		78B5EDAC21EF16D10071B5ED /* LanguageSelectDemoTests */ = {
			isa = PBXGroup;
			children = (
				78B5EDAD21EF16D10071B5ED /* LanguageSelectDemoTests.m */,
				78B5EDAF21EF16D10071B5ED /* Info.plist */,
			);
			path = LanguageSelectDemoTests;
			sourceTree = "<group>";
		};
		78B5EDB721EF16D10071B5ED /* LanguageSelectDemoUITests */ = {
			isa = PBXGroup;
			children = (
				78B5EDB821EF16D10071B5ED /* LanguageSelectDemoUITests.m */,
				78B5EDBA21EF16D10071B5ED /* Info.plist */,
			);
			path = LanguageSelectDemoUITests;
			sourceTree = "<group>";
		};
		78B5EDC621EF170E0071B5ED /* View */ = {
			isa = PBXGroup;
			children = (
				78B5EDC721EF171C0071B5ED /* HDLanguageCell.h */,
				78B5EDC821EF171C0071B5ED /* HDLanguageCell.m */,
			);
			path = View;
			sourceTree = "<group>";
		};
		78B5EDCB21EF172F0071B5ED /* Model */ = {
			isa = PBXGroup;
			children = (
				78B5EDCC21EF172F0071B5ED /* LanguageModel.h */,
				78B5EDCE21EF172F0071B5ED /* LanguageModel.m */,
				78B5EDCD21EF172F0071B5ED /* MainModel.h */,
				78B5EDCF21EF172F0071B5ED /* MainModel.m */,
			);
			path = Model;
			sourceTree = "<group>";
		};
		B8B866D48760B932807DA278 /* Frameworks */ = {
			isa = PBXGroup;
			children = (
				4849605E42978F19354ED54B /* libPods-LanguageSelectDemo.a */,
			);
			name = Frameworks;
			sourceTree = "<group>";
		};
/* End PBXGroup section */

/* Begin PBXNativeTarget section */
		78B5ED9021EF16CF0071B5ED /* LanguageSelectDemo */ = {
			isa = PBXNativeTarget;
			buildConfigurationList = 78B5EDBD21EF16D10071B5ED /* Build configuration list for PBXNativeTarget "LanguageSelectDemo" */;
			buildPhases = (
				011B4FA88651A757C6246EFD /* [CP] Check Pods Manifest.lock */,
				78B5ED8D21EF16CF0071B5ED /* Sources */,
				78B5ED8E21EF16CF0071B5ED /* Frameworks */,
				78B5ED8F21EF16CF0071B5ED /* Resources */,
			);
			buildRules = (
			);
			dependencies = (
			);
			name = LanguageSelectDemo;
			productName = LanguageSelectDemo;
			productReference = 78B5ED9121EF16CF0071B5ED /* LanguageSelectDemo.app */;
			productType = "com.apple.product-type.application";
		};
		78B5EDA821EF16D10071B5ED /* LanguageSelectDemoTests */ = {
			isa = PBXNativeTarget;
			buildConfigurationList = 78B5EDC021EF16D10071B5ED /* Build configuration list for PBXNativeTarget "LanguageSelectDemoTests" */;
			buildPhases = (
				78B5EDA521EF16D10071B5ED /* Sources */,
				78B5EDA621EF16D10071B5ED /* Frameworks */,
				78B5EDA721EF16D10071B5ED /* Resources */,
			);
			buildRules = (
			);
			dependencies = (
				78B5EDAB21EF16D10071B5ED /* PBXTargetDependency */,
			);
			name = LanguageSelectDemoTests;
			productName = LanguageSelectDemoTests;
			productReference = 78B5EDA921EF16D10071B5ED /* LanguageSelectDemoTests.xctest */;
			productType = "com.apple.product-type.bundle.unit-test";
		};
		78B5EDB321EF16D10071B5ED /* LanguageSelectDemoUITests */ = {
			isa = PBXNativeTarget;
			buildConfigurationList = 78B5EDC321EF16D10071B5ED /* Build configuration list for PBXNativeTarget "LanguageSelectDemoUITests" */;
			buildPhases = (
				78B5EDB021EF16D10071B5ED /* Sources */,
				78B5EDB121EF16D10071B5ED /* Frameworks */,
				78B5EDB221EF16D10071B5ED /* Resources */,
			);
			buildRules = (
			);
			dependencies = (
				78B5EDB621EF16D10071B5ED /* PBXTargetDependency */,
			);
			name = LanguageSelectDemoUITests;
			productName = LanguageSelectDemoUITests;
			productReference = 78B5EDB421EF16D10071B5ED /* LanguageSelectDemoUITests.xctest */;
			productType = "com.apple.product-type.bundle.ui-testing";
		};
/* End PBXNativeTarget section */

/* Begin PBXProject section */
		78B5ED8921EF16CF0071B5ED /* Project object */ = {
			isa = PBXProject;
			attributes = {
				LastUpgradeCheck = 1010;
				ORGANIZATIONNAME = sunyn;
				TargetAttributes = {
					78B5ED9021EF16CF0071B5ED = {
						CreatedOnToolsVersion = 10.1;
					};
					78B5EDA821EF16D10071B5ED = {
						CreatedOnToolsVersion = 10.1;
						TestTargetID = 78B5ED9021EF16CF0071B5ED;
					};
					78B5EDB321EF16D10071B5ED = {
						CreatedOnToolsVersion = 10.1;
						TestTargetID = 78B5ED9021EF16CF0071B5ED;
					};
				};
			};
			buildConfigurationList = 78B5ED8C21EF16CF0071B5ED /* Build configuration list for PBXProject "LanguageSelectDemo" */;
			compatibilityVersion = "Xcode 9.3";
			developmentRegion = en;
			hasScannedForEncodings = 0;
			knownRegions = (
				en,
				Base,
			);
			mainGroup = 78B5ED8821EF16CF0071B5ED;
			productRefGroup = 78B5ED9221EF16CF0071B5ED /* Products */;
			projectDirPath = "";
			projectRoot = "";
			targets = (
				78B5ED9021EF16CF0071B5ED /* LanguageSelectDemo */,
				78B5EDA821EF16D10071B5ED /* LanguageSelectDemoTests */,
				78B5EDB321EF16D10071B5ED /* LanguageSelectDemoUITests */,
			);
		};
/* End PBXProject section */

/* Begin PBXResourcesBuildPhase section */
		78B5ED8F21EF16CF0071B5ED /* Resources */ = {
			isa = PBXResourcesBuildPhase;
			buildActionMask = 2147483647;
			files = (
				78B5EDD821EF1D0A0071B5ED /* language.plist in Resources */,
				78B5EDA121EF16D10071B5ED /* LaunchScreen.storyboard in Resources */,
				78B5ED9E21EF16D10071B5ED /* Assets.xcassets in Resources */,
				78B5ED9C21EF16CF0071B5ED /* Main.storyboard in Resources */,
			);
			runOnlyForDeploymentPostprocessing = 0;
		};
		78B5EDA721EF16D10071B5ED /* Resources */ = {
			isa = PBXResourcesBuildPhase;
			buildActionMask = 2147483647;
			files = (
			);
			runOnlyForDeploymentPostprocessing = 0;
		};
		78B5EDB221EF16D10071B5ED /* Resources */ = {
			isa = PBXResourcesBuildPhase;
			buildActionMask = 2147483647;
			files = (
			);
			runOnlyForDeploymentPostprocessing = 0;
		};
/* End PBXResourcesBuildPhase section */

/* Begin PBXShellScriptBuildPhase section */
		011B4FA88651A757C6246EFD /* [CP] Check Pods Manifest.lock */ = {
			isa = PBXShellScriptBuildPhase;
			buildActionMask = 2147483647;
			files = (
			);
			inputFileListPaths = (
			);
			inputPaths = (
				"${PODS_PODFILE_DIR_PATH}/Podfile.lock",
				"${PODS_ROOT}/Manifest.lock",
			);
			name = "[CP] Check Pods Manifest.lock";
			outputFileListPaths = (
			);
			outputPaths = (
				"$(DERIVED_FILE_DIR)/Pods-LanguageSelectDemo-checkManifestLockResult.txt",
			);
			runOnlyForDeploymentPostprocessing = 0;
			shellPath = /bin/sh;
			shellScript = "diff \"${PODS_PODFILE_DIR_PATH}/Podfile.lock\" \"${PODS_ROOT}/Manifest.lock\" > /dev/null\nif [ $? != 0 ] ; then\n    # print error to STDERR\n    echo \"error: The sandbox is not in sync with the Podfile.lock. Run 'pod install' or update your CocoaPods installation.\" >&2\n    exit 1\nfi\n# This output is used by Xcode 'outputs' to avoid re-running this script phase.\necho \"SUCCESS\" > \"${SCRIPT_OUTPUT_FILE_0}\"\n";
			showEnvVarsInLog = 0;
		};
/* End PBXShellScriptBuildPhase section */

/* Begin PBXSourcesBuildPhase section */
		78B5ED8D21EF16CF0071B5ED /* Sources */ = {
			isa = PBXSourcesBuildPhase;
			buildActionMask = 2147483647;
			files = (
				78B5ED9921EF16CF0071B5ED /* ViewController.m in Sources */,
				78B5EDD221EF19E70071B5ED /* UILabel+Style.m in Sources */,
				78B5EDA421EF16D10071B5ED /* main.m in Sources */,
				78B5ED9621EF16CF0071B5ED /* AppDelegate.m in Sources */,
				78B5EDD521EF19ED0071B5ED /* UIView+Style.m in Sources */,
				78B5EDC921EF171C0071B5ED /* HDLanguageCell.m in Sources */,
				78B5EDD621EF1C5D0071B5ED /* MainModel.m in Sources */,
				78B5EDD721EF1C770071B5ED /* LanguageModel.m in Sources */,
			);
			runOnlyForDeploymentPostprocessing = 0;
		};
		78B5EDA521EF16D10071B5ED /* Sources */ = {
			isa = PBXSourcesBuildPhase;
			buildActionMask = 2147483647;
			files = (
				78B5EDAE21EF16D10071B5ED /* LanguageSelectDemoTests.m in Sources */,
			);
			runOnlyForDeploymentPostprocessing = 0;
		};
		78B5EDB021EF16D10071B5ED /* Sources */ = {
			isa = PBXSourcesBuildPhase;
			buildActionMask = 2147483647;
			files = (
				78B5EDB921EF16D10071B5ED /* LanguageSelectDemoUITests.m in Sources */,
			);
			runOnlyForDeploymentPostprocessing = 0;
		};
/* End PBXSourcesBuildPhase section */

/* Begin PBXTargetDependency section */
		78B5EDAB21EF16D10071B5ED /* PBXTargetDependency */ = {
			isa = PBXTargetDependency;
			target = 78B5ED9021EF16CF0071B5ED /* LanguageSelectDemo */;
			targetProxy = 78B5EDAA21EF16D10071B5ED /* PBXContainerItemProxy */;
		};
		78B5EDB621EF16D10071B5ED /* PBXTargetDependency */ = {
			isa = PBXTargetDependency;
			target = 78B5ED9021EF16CF0071B5ED /* LanguageSelectDemo */;
			targetProxy = 78B5EDB521EF16D10071B5ED /* PBXContainerItemProxy */;
		};
/* End PBXTargetDependency section */

/* Begin PBXVariantGroup section */
		78B5ED9A21EF16CF0071B5ED /* Main.storyboard */ = {
			isa = PBXVariantGroup;
			children = (
				78B5ED9B21EF16CF0071B5ED /* Base */,
			);
			name = Main.storyboard;
			sourceTree = "<group>";
		};
		78B5ED9F21EF16D10071B5ED /* LaunchScreen.storyboard */ = {
			isa = PBXVariantGroup;
			children = (
				78B5EDA021EF16D10071B5ED /* Base */,
			);
			name = LaunchScreen.storyboard;
			sourceTree = "<group>";
		};
/* End PBXVariantGroup section */

/* Begin XCBuildConfiguration section */
		78B5EDBB21EF16D10071B5ED /* Debug */ = {
			isa = XCBuildConfiguration;
			buildSettings = {
				ALWAYS_SEARCH_USER_PATHS = NO;
				CLANG_ANALYZER_NONNULL = YES;
				CLANG_ANALYZER_NUMBER_OBJECT_CONVERSION = YES_AGGRESSIVE;
				CLANG_CXX_LANGUAGE_STANDARD = "gnu++14";
				CLANG_CXX_LIBRARY = "libc++";
				CLANG_ENABLE_MODULES = YES;
				CLANG_ENABLE_OBJC_ARC = YES;
				CLANG_ENABLE_OBJC_WEAK = YES;
				CLANG_WARN_BLOCK_CAPTURE_AUTORELEASING = YES;
				CLANG_WARN_BOOL_CONVERSION = YES;
				CLANG_WARN_COMMA = YES;
				CLANG_WARN_CONSTANT_CONVERSION = YES;
				CLANG_WARN_DEPRECATED_OBJC_IMPLEMENTATIONS = YES;
				CLANG_WARN_DIRECT_OBJC_ISA_USAGE = YES_ERROR;
				CLANG_WARN_DOCUMENTATION_COMMENTS = YES;
				CLANG_WARN_EMPTY_BODY = YES;
				CLANG_WARN_ENUM_CONVERSION = YES;
				CLANG_WARN_INFINITE_RECURSION = YES;
				CLANG_WARN_INT_CONVERSION = YES;
				CLANG_WARN_NON_LITERAL_NULL_CONVERSION = YES;
				CLANG_WARN_OBJC_IMPLICIT_RETAIN_SELF = YES;
				CLANG_WARN_OBJC_LITERAL_CONVERSION = YES;
				CLANG_WARN_OBJC_ROOT_CLASS = YES_ERROR;
				CLANG_WARN_RANGE_LOOP_ANALYSIS = YES;
				CLANG_WARN_STRICT_PROTOTYPES = YES;
				CLANG_WARN_SUSPICIOUS_MOVE = YES;
				CLANG_WARN_UNGUARDED_AVAILABILITY = YES_AGGRESSIVE;
				CLANG_WARN_UNREACHABLE_CODE = YES;
				CLANG_WARN__DUPLICATE_METHOD_MATCH = YES;
				CODE_SIGN_IDENTITY = "iPhone Developer";
				COPY_PHASE_STRIP = NO;
				DEBUG_INFORMATION_FORMAT = dwarf;
				ENABLE_STRICT_OBJC_MSGSEND = YES;
				ENABLE_TESTABILITY = YES;
				GCC_C_LANGUAGE_STANDARD = gnu11;
				GCC_DYNAMIC_NO_PIC = NO;
				GCC_NO_COMMON_BLOCKS = YES;
				GCC_OPTIMIZATION_LEVEL = 0;
				GCC_PREPROCESSOR_DEFINITIONS = (
					"DEBUG=1",
					"$(inherited)",
				);
				GCC_WARN_64_TO_32_BIT_CONVERSION = YES;
				GCC_WARN_ABOUT_RETURN_TYPE = YES_ERROR;
				GCC_WARN_UNDECLARED_SELECTOR = YES;
				GCC_WARN_UNINITIALIZED_AUTOS = YES_AGGRESSIVE;
				GCC_WARN_UNUSED_FUNCTION = YES;
				GCC_WARN_UNUSED_VARIABLE = YES;
				IPHONEOS_DEPLOYMENT_TARGET = 12.1;
				MTL_ENABLE_DEBUG_INFO = INCLUDE_SOURCE;
				MTL_FAST_MATH = YES;
				ONLY_ACTIVE_ARCH = YES;
				SDKROOT = iphoneos;
			};
			name = Debug;
		};
		78B5EDBC21EF16D10071B5ED /* Release */ = {
			isa = XCBuildConfiguration;
			buildSettings = {
				ALWAYS_SEARCH_USER_PATHS = NO;
				CLANG_ANALYZER_NONNULL = YES;
				CLANG_ANALYZER_NUMBER_OBJECT_CONVERSION = YES_AGGRESSIVE;
				CLANG_CXX_LANGUAGE_STANDARD = "gnu++14";
				CLANG_CXX_LIBRARY = "libc++";
				CLANG_ENABLE_MODULES = YES;
				CLANG_ENABLE_OBJC_ARC = YES;
				CLANG_ENABLE_OBJC_WEAK = YES;
				CLANG_WARN_BLOCK_CAPTURE_AUTORELEASING = YES;
				CLANG_WARN_BOOL_CONVERSION = YES;
				CLANG_WARN_COMMA = YES;
				CLANG_WARN_CONSTANT_CONVERSION = YES;
				CLANG_WARN_DEPRECATED_OBJC_IMPLEMENTATIONS = YES;
				CLANG_WARN_DIRECT_OBJC_ISA_USAGE = YES_ERROR;
				CLANG_WARN_DOCUMENTATION_COMMENTS = YES;
				CLANG_WARN_EMPTY_BODY = YES;
				CLANG_WARN_ENUM_CONVERSION = YES;
				CLANG_WARN_INFINITE_RECURSION = YES;
				CLANG_WARN_INT_CONVERSION = YES;
				CLANG_WARN_NON_LITERAL_NULL_CONVERSION = YES;
				CLANG_WARN_OBJC_IMPLICIT_RETAIN_SELF = YES;
				CLANG_WARN_OBJC_LITERAL_CONVERSION = YES;
				CLANG_WARN_OBJC_ROOT_CLASS = YES_ERROR;
				CLANG_WARN_RANGE_LOOP_ANALYSIS = YES;
				CLANG_WARN_STRICT_PROTOTYPES = YES;
				CLANG_WARN_SUSPICIOUS_MOVE = YES;
				CLANG_WARN_UNGUARDED_AVAILABILITY = YES_AGGRESSIVE;
				CLANG_WARN_UNREACHABLE_CODE = YES;
				CLANG_WARN__DUPLICATE_METHOD_MATCH = YES;
				CODE_SIGN_IDENTITY = "iPhone Developer";
				COPY_PHASE_STRIP = NO;
				DEBUG_INFORMATION_FORMAT = "dwarf-with-dsym";
				ENABLE_NS_ASSERTIONS = NO;
				ENABLE_STRICT_OBJC_MSGSEND = YES;
				GCC_C_LANGUAGE_STANDARD = gnu11;
				GCC_NO_COMMON_BLOCKS = YES;
				GCC_WARN_64_TO_32_BIT_CONVERSION = YES;
				GCC_WARN_ABOUT_RETURN_TYPE = YES_ERROR;
				GCC_WARN_UNDECLARED_SELECTOR = YES;
				GCC_WARN_UNINITIALIZED_AUTOS = YES_AGGRESSIVE;
				GCC_WARN_UNUSED_FUNCTION = YES;
				GCC_WARN_UNUSED_VARIABLE = YES;
				IPHONEOS_DEPLOYMENT_TARGET = 12.1;
				MTL_ENABLE_DEBUG_INFO = NO;
				MTL_FAST_MATH = YES;
				SDKROOT = iphoneos;
				VALIDATE_PRODUCT = YES;
			};
			name = Release;
		};
		78B5EDBE21EF16D10071B5ED /* Debug */ = {
			isa = XCBuildConfiguration;
			baseConfigurationReference = 85AB96C9112E6F426011F0C4 /* Pods-LanguageSelectDemo.debug.xcconfig */;
			buildSettings = {
				ASSETCATALOG_COMPILER_APPICON_NAME = AppIcon;
				CODE_SIGN_STYLE = Automatic;
				INFOPLIST_FILE = LanguageSelectDemo/Info.plist;
				LD_RUNPATH_SEARCH_PATHS = (
					"$(inherited)",
					"@executable_path/Frameworks",
				);
				PRODUCT_BUNDLE_IDENTIFIER = sunyn.LanguageSelectDemo;
				PRODUCT_NAME = "$(TARGET_NAME)";
				TARGETED_DEVICE_FAMILY = "1,2";
			};
			name = Debug;
		};
		78B5EDBF21EF16D10071B5ED /* Release */ = {
			isa = XCBuildConfiguration;
			baseConfigurationReference = 3004982995F61B7225109E0E /* Pods-LanguageSelectDemo.release.xcconfig */;
			buildSettings = {
				ASSETCATALOG_COMPILER_APPICON_NAME = AppIcon;
				CODE_SIGN_STYLE = Automatic;
				INFOPLIST_FILE = LanguageSelectDemo/Info.plist;
				LD_RUNPATH_SEARCH_PATHS = (
					"$(inherited)",
					"@executable_path/Frameworks",
				);
				PRODUCT_BUNDLE_IDENTIFIER = sunyn.LanguageSelectDemo;
				PRODUCT_NAME = "$(TARGET_NAME)";
				TARGETED_DEVICE_FAMILY = "1,2";
			};
			name = Release;
		};
		78B5EDC121EF16D10071B5ED /* Debug */ = {
			isa = XCBuildConfiguration;
			buildSettings = {
				BUNDLE_LOADER = "$(TEST_HOST)";
				CODE_SIGN_STYLE = Automatic;
				INFOPLIST_FILE = LanguageSelectDemoTests/Info.plist;
				LD_RUNPATH_SEARCH_PATHS = (
					"$(inherited)",
					"@executable_path/Frameworks",
					"@loader_path/Frameworks",
				);
				PRODUCT_BUNDLE_IDENTIFIER = sunyn.LanguageSelectDemoTests;
				PRODUCT_NAME = "$(TARGET_NAME)";
				TARGETED_DEVICE_FAMILY = "1,2";
				TEST_HOST = "$(BUILT_PRODUCTS_DIR)/LanguageSelectDemo.app/LanguageSelectDemo";
			};
			name = Debug;
		};
		78B5EDC221EF16D10071B5ED /* Release */ = {
			isa = XCBuildConfiguration;
			buildSettings = {
				BUNDLE_LOADER = "$(TEST_HOST)";
				CODE_SIGN_STYLE = Automatic;
				INFOPLIST_FILE = LanguageSelectDemoTests/Info.plist;
				LD_RUNPATH_SEARCH_PATHS = (
					"$(inherited)",
					"@executable_path/Frameworks",
					"@loader_path/Frameworks",
				);
				PRODUCT_BUNDLE_IDENTIFIER = sunyn.LanguageSelectDemoTests;
				PRODUCT_NAME = "$(TARGET_NAME)";
				TARGETED_DEVICE_FAMILY = "1,2";
				TEST_HOST = "$(BUILT_PRODUCTS_DIR)/LanguageSelectDemo.app/LanguageSelectDemo";
			};
			name = Release;
		};
		78B5EDC421EF16D10071B5ED /* Debug */ = {
			isa = XCBuildConfiguration;
			buildSettings = {
				CODE_SIGN_STYLE = Automatic;
				INFOPLIST_FILE = LanguageSelectDemoUITests/Info.plist;
				LD_RUNPATH_SEARCH_PATHS = (
					"$(inherited)",
					"@executable_path/Frameworks",
					"@loader_path/Frameworks",
				);
				PRODUCT_BUNDLE_IDENTIFIER = sunyn.LanguageSelectDemoUITests;
				PRODUCT_NAME = "$(TARGET_NAME)";
				TARGETED_DEVICE_FAMILY = "1,2";
				TEST_TARGET_NAME = LanguageSelectDemo;
			};
			name = Debug;
		};
		78B5EDC521EF16D10071B5ED /* Release */ = {
			isa = XCBuildConfiguration;
			buildSettings = {
				CODE_SIGN_STYLE = Automatic;
				INFOPLIST_FILE = LanguageSelectDemoUITests/Info.plist;
				LD_RUNPATH_SEARCH_PATHS = (
					"$(inherited)",
					"@executable_path/Frameworks",
					"@loader_path/Frameworks",
				);
				PRODUCT_BUNDLE_IDENTIFIER = sunyn.LanguageSelectDemoUITests;
				PRODUCT_NAME = "$(TARGET_NAME)";
				TARGETED_DEVICE_FAMILY = "1,2";
				TEST_TARGET_NAME = LanguageSelectDemo;
			};
			name = Release;
		};
/* End XCBuildConfiguration section */

/* Begin XCConfigurationList section */
		78B5ED8C21EF16CF0071B5ED /* Build configuration list for PBXProject "LanguageSelectDemo" */ = {
			isa = XCConfigurationList;
			buildConfigurations = (
				78B5EDBB21EF16D10071B5ED /* Debug */,
				78B5EDBC21EF16D10071B5ED /* Release */,
			);
			defaultConfigurationIsVisible = 0;
			defaultConfigurationName = Release;
		};
		78B5EDBD21EF16D10071B5ED /* Build configuration list for PBXNativeTarget "LanguageSelectDemo" */ = {
			isa = XCConfigurationList;
			buildConfigurations = (
				78B5EDBE21EF16D10071B5ED /* Debug */,
				78B5EDBF21EF16D10071B5ED /* Release */,
			);
			defaultConfigurationIsVisible = 0;
			defaultConfigurationName = Release;
		};
		78B5EDC021EF16D10071B5ED /* Build configuration list for PBXNativeTarget "LanguageSelectDemoTests" */ = {
			isa = XCConfigurationList;
			buildConfigurations = (
				78B5EDC121EF16D10071B5ED /* Debug */,
				78B5EDC221EF16D10071B5ED /* Release */,
			);
			defaultConfigurationIsVisible = 0;
			defaultConfigurationName = Release;
		};
		78B5EDC321EF16D10071B5ED /* Build configuration list for PBXNativeTarget "LanguageSelectDemoUITests" */ = {
			isa = XCConfigurationList;
			buildConfigurations = (
				78B5EDC421EF16D10071B5ED /* Debug */,
				78B5EDC521EF16D10071B5ED /* Release */,
			);
			defaultConfigurationIsVisible = 0;
			defaultConfigurationName = Release;
		};
/* End XCConfigurationList section */
	};
	rootObject = 78B5ED8921EF16CF0071B5ED /* Project object */;
}
